
Microsoft Visual Studio Solution File, Format Version 12.00
# Visual Studio Version 16
VisualStudioVersion = 16.0.30104.148
MinimumVisualStudioVersion = 10.0.40219.1
Project("{FAE04EC0-301F-11D3-BF4B-00C04F79EFBC}") = "Softree", "Softree\Softree.csproj", "{A206561E-8933-4EC1-9F79-24D651D8B212}"
EndProject
Global
	GlobalSection(SolutionConfigurationPlatforms) = preSolution
		Debug|Any CPU = Debug|Any CPU
		Release|Any CPU = Release|Any CPU
	EndGlobalSection
	GlobalSection(ProjectConfigurationPlatforms) = postSolution
		{A206561E-8933-4EC1-9F79-24D651D8B212}.Debug|Any CPU.ActiveCfg = Debug|Any CPU
		{A206561E-8933-4EC1-9F79-24D651D8B212}.Debug|Any CPU.Build.0 = Debug|Any CPU
		{A206561E-8933-4EC1-9F79-24D651D8B212}.Release|Any CPU.ActiveCfg = Release|Any CPU
		{A206561E-8933-4EC1-9F79-24D651D8B212}.Release|Any CPU.Build.0 = Release|Any CPU
	EndGlobalSection
	GlobalSection(SolutionProperties) = preSolution
		HideSolutionNode = FALSE
	EndGlobalSection
	GlobalSection(ExtensibilityGlobals) = postSolution
		SolutionGuid = {71601A31-A55F-4B03-89FD-BC0B8F8C04B4}
	EndGlobalSection
EndGlobal
